
Microsoft Visual Studio Solution File, Format Version 12.00
# Visual Studio Version 17
VisualStudioVersion = 17.5.2.0
MinimumVisualStudioVersion = 10.0.40219.1
Project("{FAE04EC0-301F-11D3-BF4B-00C04F79EFBC}") = "Assigment15_part2", "Assigment15_part2\Assigment15_part2.csproj", "{C4C36563-9496-9CC0-FEA2-4955FE211DCC}"
EndProject
Project("{FAE04EC0-301F-11D3-BF4B-00C04F79EFBC}") = "assignment11_17_2024", "assignment11_17_2024\assignment11_17_2024.csproj", "{05E40B99-2449-A3AA-AC09-AECF75AABF20}"
EndProject
Project("{FAE04EC0-301F-11D3-BF4B-00C04F79EFBC}") = "AssigSession13", "AssigSession13\AssigSession13.csproj", "{1AC4CF30-7804-1E4F-EF4D-84302407B689}"
EndProject
Project("{FAE04EC0-301F-11D3-BF4B-00C04F79EFBC}") = "AssigSession15", "AssigSession15\AssigSession15.csproj", "{398275E3-827B-188F-EF8A-0F263B9CC5F7}"
EndProject
Project("{FAE04EC0-301F-11D3-BF4B-00C04F79EFBC}") = "extraCodeSession2", "extraCodeSession2\extraCodeSession2.csproj", "{AC197D4D-02B4-2F17-6FF9-E3A34C690B55}"
EndProject
Project("{FAE04EC0-301F-11D3-BF4B-00C04F79EFBC}") = "Session11", "Session11\Session11.csproj", "{9AAE6DBC-588C-786B-DBD1-48A4D9DF8B6B}"
EndProject
Project("{FAE04EC0-301F-11D3-BF4B-00C04F79EFBC}") = "Session13", "Session13\Session13.csproj", "{1ABA8FEF-B53A-98B6-D162-580E0BFD9372}"
EndProject
Project("{FAE04EC0-301F-11D3-BF4B-00C04F79EFBC}") = "session2", "session2\session2.csproj", "{9CDC22FF-D52A-1207-7897-CF0E854D2C4B}"
EndProject
Project("{FAE04EC0-301F-11D3-BF4B-00C04F79EFBC}") = "session_23_wasm", "session_23_wasm\session_23_wasm.csproj", "{E20E249D-D947-19B3-3923-4E13C41D6A06}"
EndProject
Project("{FAE04EC0-301F-11D3-BF4B-00C04F79EFBC}") = "session25", "session25\session25.csproj", "{3E0876F3-7099-43F1-BE0C-64080D43C8FD}"
EndProject
Project("{FAE04EC0-301F-11D3-BF4B-00C04F79EFBC}") = "session26_validation_conponent_razor", "session26_validation_conponent_razor\session26_validation_conponent_razor.csproj", "{AAE8887D-4105-40AE-BEF7-368CFA46DD5B}"
EndProject
Project("{FAE04EC0-301F-11D3-BF4B-00C04F79EFBC}") = "assigment27", "assigment27\assigment27.csproj", "{17E1B141-6F99-4BE2-8FC0-D7EFD4806B29}"
EndProject
Project("{FAE04EC0-301F-11D3-BF4B-00C04F79EFBC}") = "session28_life_cycle", "session28_life_cycle\session28_life_cycle.csproj", "{0A650B50-F6C8-4287-863A-A966C304231D}"
EndProject
Project("{FAE04EC0-301F-11D3-BF4B-00C04F79EFBC}") = "session30_airbnb", "session30_airbnb\session30_airbnb.csproj", "{82807B55-724A-4A92-95B5-20C522E5703F}"
EndProject
Project("{2150E333-8FDC-42A3-9474-1A3956D46DE8}") = "session31_signalR", "session31_signalR", "{AA1C08D7-F649-0BE3-1787-AC803B20C40E}"
EndProject
Project("{FAE04EC0-301F-11D3-BF4B-00C04F79EFBC}") = "session31_signalR", "session31_signalR\session31_signalR\session31_signalR.csproj", "{DAE62912-BFD2-4365-85A1-F3A345F113DA}"
EndProject
Project("{FAE04EC0-301F-11D3-BF4B-00C04F79EFBC}") = "session31_signalR.Client", "session31_signalR\session31_signalR.Client\session31_signalR.Client.csproj", "{231A2407-85BE-4739-A6A9-A03392C61D66}"
EndProject
Project("{FAE04EC0-301F-11D3-BF4B-00C04F79EFBC}") = "session40_52", "session40_52\session40_52.csproj", "{8050A42F-C104-4BC2-BADF-01C1F50A72CC}"
EndProject
Project("{2150E333-8FDC-42A3-9474-1A3956D46DE8}") = "Session48_Microservice", "Session48_Microservice", "{A29C6490-7E2E-AAF0-84AE-992AC1BD995C}"
EndProject
Project("{2150E333-8FDC-42A3-9474-1A3956D46DE8}") = "AuthenticationService", "AuthenticationService", "{D8EC479F-E17E-7153-CEA1-7FD92F8793D3}"
EndProject
Project("{FAE04EC0-301F-11D3-BF4B-00C04F79EFBC}") = "AuthentProject", "Session48_Microservice\AuthenticationService\AuthentProject\AuthentProject.csproj", "{61C8A167-A3D0-4D87-AB36-85331DC995FE}"
EndProject
Project("{2150E333-8FDC-42A3-9474-1A3956D46DE8}") = "EmailService", "EmailService", "{60AB5031-0892-74AD-D836-D57D7448091D}"
EndProject
Project("{FAE04EC0-301F-11D3-BF4B-00C04F79EFBC}") = "EmailProject", "Session48_Microservice\EmailService\EmailProject\EmailProject.csproj", "{C72EE54B-A03D-45E8-BA60-87996E12999C}"
EndProject
Global
	GlobalSection(SolutionConfigurationPlatforms) = preSolution
		Debug|Any CPU = Debug|Any CPU
		Debug|x64 = Debug|x64
		Debug|x86 = Debug|x86
		Release|Any CPU = Release|Any CPU
		Release|x64 = Release|x64
		Release|x86 = Release|x86
	EndGlobalSection
	GlobalSection(ProjectConfigurationPlatforms) = postSolution
		{C4C36563-9496-9CC0-FEA2-4955FE211DCC}.Debug|Any CPU.ActiveCfg = Debug|Any CPU
		{C4C36563-9496-9CC0-FEA2-4955FE211DCC}.Debug|Any CPU.Build.0 = Debug|Any CPU
		{C4C36563-9496-9CC0-FEA2-4955FE211DCC}.Debug|x64.ActiveCfg = Debug|Any CPU
		{C4C36563-9496-9CC0-FEA2-4955FE211DCC}.Debug|x64.Build.0 = Debug|Any CPU
		{C4C36563-9496-9CC0-FEA2-4955FE211DCC}.Debug|x86.ActiveCfg = Debug|Any CPU
		{C4C36563-9496-9CC0-FEA2-4955FE211DCC}.Debug|x86.Build.0 = Debug|Any CPU
		{C4C36563-9496-9CC0-FEA2-4955FE211DCC}.Release|Any CPU.ActiveCfg = Release|Any CPU
		{C4C36563-9496-9CC0-FEA2-4955FE211DCC}.Release|Any CPU.Build.0 = Release|Any CPU
		{C4C36563-9496-9CC0-FEA2-4955FE211DCC}.Release|x64.ActiveCfg = Release|Any CPU
		{C4C36563-9496-9CC0-FEA2-4955FE211DCC}.Release|x64.Build.0 = Release|Any CPU
		{C4C36563-9496-9CC0-FEA2-4955FE211DCC}.Release|x86.ActiveCfg = Release|Any CPU
		{C4C36563-9496-9CC0-FEA2-4955FE211DCC}.Release|x86.Build.0 = Release|Any CPU
		{05E40B99-2449-A3AA-AC09-AECF75AABF20}.Debug|Any CPU.ActiveCfg = Debug|Any CPU
		{05E40B99-2449-A3AA-AC09-AECF75AABF20}.Debug|Any CPU.Build.0 = Debug|Any CPU
		{05E40B99-2449-A3AA-AC09-AECF75AABF20}.Debug|x64.ActiveCfg = Debug|Any CPU
		{05E40B99-2449-A3AA-AC09-AECF75AABF20}.Debug|x64.Build.0 = Debug|Any CPU
		{05E40B99-2449-A3AA-AC09-AECF75AABF20}.Debug|x86.ActiveCfg = Debug|Any CPU
		{05E40B99-2449-A3AA-AC09-AECF75AABF20}.Debug|x86.Build.0 = Debug|Any CPU
		{05E40B99-2449-A3AA-AC09-AECF75AABF20}.Release|Any CPU.ActiveCfg = Release|Any CPU
		{05E40B99-2449-A3AA-AC09-AECF75AABF20}.Release|Any CPU.Build.0 = Release|Any CPU
		{05E40B99-2449-A3AA-AC09-AECF75AABF20}.Release|x64.ActiveCfg = Release|Any CPU
		{05E40B99-2449-A3AA-AC09-AECF75AABF20}.Release|x64.Build.0 = Release|Any CPU
		{05E40B99-2449-A3AA-AC09-AECF75AABF20}.Release|x86.ActiveCfg = Release|Any CPU
		{05E40B99-2449-A3AA-AC09-AECF75AABF20}.Release|x86.Build.0 = Release|Any CPU
		{1AC4CF30-7804-1E4F-EF4D-84302407B689}.Debug|Any CPU.ActiveCfg = Debug|Any CPU
		{1AC4CF30-7804-1E4F-EF4D-84302407B689}.Debug|Any CPU.Build.0 = Debug|Any CPU
		{1AC4CF30-7804-1E4F-EF4D-84302407B689}.Debug|x64.ActiveCfg = Debug|Any CPU
		{1AC4CF30-7804-1E4F-EF4D-84302407B689}.Debug|x64.Build.0 = Debug|Any CPU
		{1AC4CF30-7804-1E4F-EF4D-84302407B689}.Debug|x86.ActiveCfg = Debug|Any CPU
		{1AC4CF30-7804-1E4F-EF4D-84302407B689}.Debug|x86.Build.0 = Debug|Any CPU
		{1AC4CF30-7804-1E4F-EF4D-84302407B689}.Release|Any CPU.ActiveCfg = Release|Any CPU
		{1AC4CF30-7804-1E4F-EF4D-84302407B689}.Release|Any CPU.Build.0 = Release|Any CPU
		{1AC4CF30-7804-1E4F-EF4D-84302407B689}.Release|x64.ActiveCfg = Release|Any CPU
		{1AC4CF30-7804-1E4F-EF4D-84302407B689}.Release|x64.Build.0 = Release|Any CPU
		{1AC4CF30-7804-1E4F-EF4D-84302407B689}.Release|x86.ActiveCfg = Release|Any CPU
		{1AC4CF30-7804-1E4F-EF4D-84302407B689}.Release|x86.Build.0 = Release|Any CPU
		{398275E3-827B-188F-EF8A-0F263B9CC5F7}.Debug|Any CPU.ActiveCfg = Debug|Any CPU
		{398275E3-827B-188F-EF8A-0F263B9CC5F7}.Debug|Any CPU.Build.0 = Debug|Any CPU
		{398275E3-827B-188F-EF8A-0F263B9CC5F7}.Debug|x64.ActiveCfg = Debug|Any CPU
		{398275E3-827B-188F-EF8A-0F263B9CC5F7}.Debug|x64.Build.0 = Debug|Any CPU
		{398275E3-827B-188F-EF8A-0F263B9CC5F7}.Debug|x86.ActiveCfg = Debug|Any CPU
		{398275E3-827B-188F-EF8A-0F263B9CC5F7}.Debug|x86.Build.0 = Debug|Any CPU
		{398275E3-827B-188F-EF8A-0F263B9CC5F7}.Release|Any CPU.ActiveCfg = Release|Any CPU
		{398275E3-827B-188F-EF8A-0F263B9CC5F7}.Release|Any CPU.Build.0 = Release|Any CPU
		{398275E3-827B-188F-EF8A-0F263B9CC5F7}.Release|x64.ActiveCfg = Release|Any CPU
		{398275E3-827B-188F-EF8A-0F263B9CC5F7}.Release|x64.Build.0 = Release|Any CPU
		{398275E3-827B-188F-EF8A-0F263B9CC5F7}.Release|x86.ActiveCfg = Release|Any CPU
		{398275E3-827B-188F-EF8A-0F263B9CC5F7}.Release|x86.Build.0 = Release|Any CPU
		{AC197D4D-02B4-2F17-6FF9-E3A34C690B55}.Debug|Any CPU.ActiveCfg = Debug|Any CPU
		{AC197D4D-02B4-2F17-6FF9-E3A34C690B55}.Debug|Any CPU.Build.0 = Debug|Any CPU
		{AC197D4D-02B4-2F17-6FF9-E3A34C690B55}.Debug|x64.ActiveCfg = Debug|Any CPU
		{AC197D4D-02B4-2F17-6FF9-E3A34C690B55}.Debug|x64.Build.0 = Debug|Any CPU
		{AC197D4D-02B4-2F17-6FF9-E3A34C690B55}.Debug|x86.ActiveCfg = Debug|Any CPU
		{AC197D4D-02B4-2F17-6FF9-E3A34C690B55}.Debug|x86.Build.0 = Debug|Any CPU
		{AC197D4D-02B4-2F17-6FF9-E3A34C690B55}.Release|Any CPU.ActiveCfg = Release|Any CPU
		{AC197D4D-02B4-2F17-6FF9-E3A34C690B55}.Release|Any CPU.Build.0 = Release|Any CPU
		{AC197D4D-02B4-2F17-6FF9-E3A34C690B55}.Release|x64.ActiveCfg = Release|Any CPU
		{AC197D4D-02B4-2F17-6FF9-E3A34C690B55}.Release|x64.Build.0 = Release|Any CPU
		{AC197D4D-02B4-2F17-6FF9-E3A34C690B55}.Release|x86.ActiveCfg = Release|Any CPU
		{AC197D4D-02B4-2F17-6FF9-E3A34C690B55}.Release|x86.Build.0 = Release|Any CPU
		{9AAE6DBC-588C-786B-DBD1-48A4D9DF8B6B}.Debug|Any CPU.ActiveCfg = Debug|Any CPU
		{9AAE6DBC-588C-786B-DBD1-48A4D9DF8B6B}.Debug|Any CPU.Build.0 = Debug|Any CPU
		{9AAE6DBC-588C-786B-DBD1-48A4D9DF8B6B}.Debug|x64.ActiveCfg = Debug|Any CPU
		{9AAE6DBC-588C-786B-DBD1-48A4D9DF8B6B}.Debug|x64.Build.0 = Debug|Any CPU
		{9AAE6DBC-588C-786B-DBD1-48A4D9DF8B6B}.Debug|x86.ActiveCfg = Debug|Any CPU
		{9AAE6DBC-588C-786B-DBD1-48A4D9DF8B6B}.Debug|x86.Build.0 = Debug|Any CPU
		{9AAE6DBC-588C-786B-DBD1-48A4D9DF8B6B}.Release|Any CPU.ActiveCfg = Release|Any CPU
		{9AAE6DBC-588C-786B-DBD1-48A4D9DF8B6B}.Release|Any CPU.Build.0 = Release|Any CPU
		{9AAE6DBC-588C-786B-DBD1-48A4D9DF8B6B}.Release|x64.ActiveCfg = Release|Any CPU
		{9AAE6DBC-588C-786B-DBD1-48A4D9DF8B6B}.Release|x64.Build.0 = Release|Any CPU
		{9AAE6DBC-588C-786B-DBD1-48A4D9DF8B6B}.Release|x86.ActiveCfg = Release|Any CPU
		{9AAE6DBC-588C-786B-DBD1-48A4D9DF8B6B}.Release|x86.Build.0 = Release|Any CPU
		{1ABA8FEF-B53A-98B6-D162-580E0BFD9372}.Debug|Any CPU.ActiveCfg = Debug|Any CPU
		{1ABA8FEF-B53A-98B6-D162-580E0BFD9372}.Debug|Any CPU.Build.0 = Debug|Any CPU
		{1ABA8FEF-B53A-98B6-D162-580E0BFD9372}.Debug|x64.ActiveCfg = Debug|Any CPU
		{1ABA8FEF-B53A-98B6-D162-580E0BFD9372}.Debug|x64.Build.0 = Debug|Any CPU
		{1ABA8FEF-B53A-98B6-D162-580E0BFD9372}.Debug|x86.ActiveCfg = Debug|Any CPU
		{1ABA8FEF-B53A-98B6-D162-580E0BFD9372}.Debug|x86.Build.0 = Debug|Any CPU
		{1ABA8FEF-B53A-98B6-D162-580E0BFD9372}.Release|Any CPU.ActiveCfg = Release|Any CPU
		{1ABA8FEF-B53A-98B6-D162-580E0BFD9372}.Release|Any CPU.Build.0 = Release|Any CPU
		{1ABA8FEF-B53A-98B6-D162-580E0BFD9372}.Release|x64.ActiveCfg = Release|Any CPU
		{1ABA8FEF-B53A-98B6-D162-580E0BFD9372}.Release|x64.Build.0 = Release|Any CPU
		{1ABA8FEF-B53A-98B6-D162-580E0BFD9372}.Release|x86.ActiveCfg = Release|Any CPU
		{1ABA8FEF-B53A-98B6-D162-580E0BFD9372}.Release|x86.Build.0 = Release|Any CPU
		{9CDC22FF-D52A-1207-7897-CF0E854D2C4B}.Debug|Any CPU.ActiveCfg = Debug|Any CPU
		{9CDC22FF-D52A-1207-7897-CF0E854D2C4B}.Debug|Any CPU.Build.0 = Debug|Any CPU
		{9CDC22FF-D52A-1207-7897-CF0E854D2C4B}.Debug|x64.ActiveCfg = Debug|Any CPU
		{9CDC22FF-D52A-1207-7897-CF0E854D2C4B}.Debug|x64.Build.0 = Debug|Any CPU
		{9CDC22FF-D52A-1207-7897-CF0E854D2C4B}.Debug|x86.ActiveCfg = Debug|Any CPU
		{9CDC22FF-D52A-1207-7897-CF0E854D2C4B}.Debug|x86.Build.0 = Debug|Any CPU
		{9CDC22FF-D52A-1207-7897-CF0E854D2C4B}.Release|Any CPU.ActiveCfg = Release|Any CPU
		{9CDC22FF-D52A-1207-7897-CF0E854D2C4B}.Release|Any CPU.Build.0 = Release|Any CPU
		{9CDC22FF-D52A-1207-7897-CF0E854D2C4B}.Release|x64.ActiveCfg = Release|Any CPU
		{9CDC22FF-D52A-1207-7897-CF0E854D2C4B}.Release|x64.Build.0 = Release|Any CPU
		{9CDC22FF-D52A-1207-7897-CF0E854D2C4B}.Release|x86.ActiveCfg = Release|Any CPU
		{9CDC22FF-D52A-1207-7897-CF0E854D2C4B}.Release|x86.Build.0 = Release|Any CPU
		{E20E249D-D947-19B3-3923-4E13C41D6A06}.Debug|Any CPU.ActiveCfg = Debug|Any CPU
		{E20E249D-D947-19B3-3923-4E13C41D6A06}.Debug|Any CPU.Build.0 = Debug|Any CPU
		{E20E249D-D947-19B3-3923-4E13C41D6A06}.Debug|x64.ActiveCfg = Debug|Any CPU
		{E20E249D-D947-19B3-3923-4E13C41D6A06}.Debug|x64.Build.0 = Debug|Any CPU
		{E20E249D-D947-19B3-3923-4E13C41D6A06}.Debug|x86.ActiveCfg = Debug|Any CPU
		{E20E249D-D947-19B3-3923-4E13C41D6A06}.Debug|x86.Build.0 = Debug|Any CPU
		{E20E249D-D947-19B3-3923-4E13C41D6A06}.Release|Any CPU.ActiveCfg = Release|Any CPU
		{E20E249D-D947-19B3-3923-4E13C41D6A06}.Release|Any CPU.Build.0 = Release|Any CPU
		{E20E249D-D947-19B3-3923-4E13C41D6A06}.Release|x64.ActiveCfg = Release|Any CPU
		{E20E249D-D947-19B3-3923-4E13C41D6A06}.Release|x64.Build.0 = Release|Any CPU
		{E20E249D-D947-19B3-3923-4E13C41D6A06}.Release|x86.ActiveCfg = Release|Any CPU
		{E20E249D-D947-19B3-3923-4E13C41D6A06}.Release|x86.Build.0 = Release|Any CPU
		{3E0876F3-7099-43F1-BE0C-64080D43C8FD}.Debug|Any CPU.ActiveCfg = Debug|Any CPU
		{3E0876F3-7099-43F1-BE0C-64080D43C8FD}.Debug|Any CPU.Build.0 = Debug|Any CPU
		{3E0876F3-7099-43F1-BE0C-64080D43C8FD}.Debug|x64.ActiveCfg = Debug|Any CPU
		{3E0876F3-7099-43F1-BE0C-64080D43C8FD}.Debug|x64.Build.0 = Debug|Any CPU
		{3E0876F3-7099-43F1-BE0C-64080D43C8FD}.Debug|x86.ActiveCfg = Debug|Any CPU
		{3E0876F3-7099-43F1-BE0C-64080D43C8FD}.Debug|x86.Build.0 = Debug|Any CPU
		{3E0876F3-7099-43F1-BE0C-64080D43C8FD}.Release|Any CPU.ActiveCfg = Release|Any CPU
		{3E0876F3-7099-43F1-BE0C-64080D43C8FD}.Release|Any CPU.Build.0 = Release|Any CPU
		{3E0876F3-7099-43F1-BE0C-64080D43C8FD}.Release|x64.ActiveCfg = Release|Any CPU
		{3E0876F3-7099-43F1-BE0C-64080D43C8FD}.Release|x64.Build.0 = Release|Any CPU
		{3E0876F3-7099-43F1-BE0C-64080D43C8FD}.Release|x86.ActiveCfg = Release|Any CPU
		{3E0876F3-7099-43F1-BE0C-64080D43C8FD}.Release|x86.Build.0 = Release|Any CPU
		{AAE8887D-4105-40AE-BEF7-368CFA46DD5B}.Debug|Any CPU.ActiveCfg = Debug|Any CPU
		{AAE8887D-4105-40AE-BEF7-368CFA46DD5B}.Debug|Any CPU.Build.0 = Debug|Any CPU
		{AAE8887D-4105-40AE-BEF7-368CFA46DD5B}.Debug|x64.ActiveCfg = Debug|Any CPU
		{AAE8887D-4105-40AE-BEF7-368CFA46DD5B}.Debug|x64.Build.0 = Debug|Any CPU
		{AAE8887D-4105-40AE-BEF7-368CFA46DD5B}.Debug|x86.ActiveCfg = Debug|Any CPU
		{AAE8887D-4105-40AE-BEF7-368CFA46DD5B}.Debug|x86.Build.0 = Debug|Any CPU
		{AAE8887D-4105-40AE-BEF7-368CFA46DD5B}.Release|Any CPU.ActiveCfg = Release|Any CPU
		{AAE8887D-4105-40AE-BEF7-368CFA46DD5B}.Release|Any CPU.Build.0 = Release|Any CPU
		{AAE8887D-4105-40AE-BEF7-368CFA46DD5B}.Release|x64.ActiveCfg = Release|Any CPU
		{AAE8887D-4105-40AE-BEF7-368CFA46DD5B}.Release|x64.Build.0 = Release|Any CPU
		{AAE8887D-4105-40AE-BEF7-368CFA46DD5B}.Release|x86.ActiveCfg = Release|Any CPU
		{AAE8887D-4105-40AE-BEF7-368CFA46DD5B}.Release|x86.Build.0 = Release|Any CPU
		{17E1B141-6F99-4BE2-8FC0-D7EFD4806B29}.Debug|Any CPU.ActiveCfg = Debug|Any CPU
		{17E1B141-6F99-4BE2-8FC0-D7EFD4806B29}.Debug|Any CPU.Build.0 = Debug|Any CPU
		{17E1B141-6F99-4BE2-8FC0-D7EFD4806B29}.Debug|x64.ActiveCfg = Debug|Any CPU
		{17E1B141-6F99-4BE2-8FC0-D7EFD4806B29}.Debug|x64.Build.0 = Debug|Any CPU
		{17E1B141-6F99-4BE2-8FC0-D7EFD4806B29}.Debug|x86.ActiveCfg = Debug|Any CPU
		{17E1B141-6F99-4BE2-8FC0-D7EFD4806B29}.Debug|x86.Build.0 = Debug|Any CPU
		{17E1B141-6F99-4BE2-8FC0-D7EFD4806B29}.Release|Any CPU.ActiveCfg = Release|Any CPU
		{17E1B141-6F99-4BE2-8FC0-D7EFD4806B29}.Release|Any CPU.Build.0 = Release|Any CPU
		{17E1B141-6F99-4BE2-8FC0-D7EFD4806B29}.Release|x64.ActiveCfg = Release|Any CPU
		{17E1B141-6F99-4BE2-8FC0-D7EFD4806B29}.Release|x64.Build.0 = Release|Any CPU
		{17E1B141-6F99-4BE2-8FC0-D7EFD4806B29}.Release|x86.ActiveCfg = Release|Any CPU
		{17E1B141-6F99-4BE2-8FC0-D7EFD4806B29}.Release|x86.Build.0 = Release|Any CPU
		{0A650B50-F6C8-4287-863A-A966C304231D}.Debug|Any CPU.ActiveCfg = Debug|Any CPU
		{0A650B50-F6C8-4287-863A-A966C304231D}.Debug|Any CPU.Build.0 = Debug|Any CPU
		{0A650B50-F6C8-4287-863A-A966C304231D}.Debug|x64.ActiveCfg = Debug|Any CPU
		{0A650B50-F6C8-4287-863A-A966C304231D}.Debug|x64.Build.0 = Debug|Any CPU
		{0A650B50-F6C8-4287-863A-A966C304231D}.Debug|x86.ActiveCfg = Debug|Any CPU
		{0A650B50-F6C8-4287-863A-A966C304231D}.Debug|x86.Build.0 = Debug|Any CPU
		{0A650B50-F6C8-4287-863A-A966C304231D}.Release|Any CPU.ActiveCfg = Release|Any CPU
		{0A650B50-F6C8-4287-863A-A966C304231D}.Release|Any CPU.Build.0 = Release|Any CPU
		{0A650B50-F6C8-4287-863A-A966C304231D}.Release|x64.ActiveCfg = Release|Any CPU
		{0A650B50-F6C8-4287-863A-A966C304231D}.Release|x64.Build.0 = Release|Any CPU
		{0A650B50-F6C8-4287-863A-A966C304231D}.Release|x86.ActiveCfg = Release|Any CPU
		{0A650B50-F6C8-4287-863A-A966C304231D}.Release|x86.Build.0 = Release|Any CPU
		{82807B55-724A-4A92-95B5-20C522E5703F}.Debug|Any CPU.ActiveCfg = Debug|Any CPU
		{82807B55-724A-4A92-95B5-20C522E5703F}.Debug|Any CPU.Build.0 = Debug|Any CPU
		{82807B55-724A-4A92-95B5-20C522E5703F}.Debug|x64.ActiveCfg = Debug|Any CPU
		{82807B55-724A-4A92-95B5-20C522E5703F}.Debug|x64.Build.0 = Debug|Any CPU
		{82807B55-724A-4A92-95B5-20C522E5703F}.Debug|x86.ActiveCfg = Debug|Any CPU
		{82807B55-724A-4A92-95B5-20C522E5703F}.Debug|x86.Build.0 = Debug|Any CPU
		{82807B55-724A-4A92-95B5-20C522E5703F}.Release|Any CPU.ActiveCfg = Release|Any CPU
		{82807B55-724A-4A92-95B5-20C522E5703F}.Release|Any CPU.Build.0 = Release|Any CPU
		{82807B55-724A-4A92-95B5-20C522E5703F}.Release|x64.ActiveCfg = Release|Any CPU
		{82807B55-724A-4A92-95B5-20C522E5703F}.Release|x64.Build.0 = Release|Any CPU
		{82807B55-724A-4A92-95B5-20C522E5703F}.Release|x86.ActiveCfg = Release|Any CPU
		{82807B55-724A-4A92-95B5-20C522E5703F}.Release|x86.Build.0 = Release|Any CPU
		{DAE62912-BFD2-4365-85A1-F3A345F113DA}.Debug|Any CPU.ActiveCfg = Debug|Any CPU
		{DAE62912-BFD2-4365-85A1-F3A345F113DA}.Debug|Any CPU.Build.0 = Debug|Any CPU
		{DAE62912-BFD2-4365-85A1-F3A345F113DA}.Debug|x64.ActiveCfg = Debug|Any CPU
		{DAE62912-BFD2-4365-85A1-F3A345F113DA}.Debug|x64.Build.0 = Debug|Any CPU
		{DAE62912-BFD2-4365-85A1-F3A345F113DA}.Debug|x86.ActiveCfg = Debug|Any CPU
		{DAE62912-BFD2-4365-85A1-F3A345F113DA}.Debug|x86.Build.0 = Debug|Any CPU
		{DAE62912-BFD2-4365-85A1-F3A345F113DA}.Release|Any CPU.ActiveCfg = Release|Any CPU
		{DAE62912-BFD2-4365-85A1-F3A345F113DA}.Release|Any CPU.Build.0 = Release|Any CPU
		{DAE62912-BFD2-4365-85A1-F3A345F113DA}.Release|x64.ActiveCfg = Release|Any CPU
		{DAE62912-BFD2-4365-85A1-F3A345F113DA}.Release|x64.Build.0 = Release|Any CPU
		{DAE62912-BFD2-4365-85A1-F3A345F113DA}.Release|x86.ActiveCfg = Release|Any CPU
		{DAE62912-BFD2-4365-85A1-F3A345F113DA}.Release|x86.Build.0 = Release|Any CPU
		{231A2407-85BE-4739-A6A9-A03392C61D66}.Debug|Any CPU.ActiveCfg = Debug|Any CPU
		{231A2407-85BE-4739-A6A9-A03392C61D66}.Debug|Any CPU.Build.0 = Debug|Any CPU
		{231A2407-85BE-4739-A6A9-A03392C61D66}.Debug|x64.ActiveCfg = Debug|Any CPU
		{231A2407-85BE-4739-A6A9-A03392C61D66}.Debug|x64.Build.0 = Debug|Any CPU
		{231A2407-85BE-4739-A6A9-A03392C61D66}.Debug|x86.ActiveCfg = Debug|Any CPU
		{231A2407-85BE-4739-A6A9-A03392C61D66}.Debug|x86.Build.0 = Debug|Any CPU
		{231A2407-85BE-4739-A6A9-A03392C61D66}.Release|Any CPU.ActiveCfg = Release|Any CPU
		{231A2407-85BE-4739-A6A9-A03392C61D66}.Release|Any CPU.Build.0 = Release|Any CPU
		{231A2407-85BE-4739-A6A9-A03392C61D66}.Release|x64.ActiveCfg = Release|Any CPU
		{231A2407-85BE-4739-A6A9-A03392C61D66}.Release|x64.Build.0 = Release|Any CPU
		{231A2407-85BE-4739-A6A9-A03392C61D66}.Release|x86.ActiveCfg = Release|Any CPU
		{231A2407-85BE-4739-A6A9-A03392C61D66}.Release|x86.Build.0 = Release|Any CPU
		{8050A42F-C104-4BC2-BADF-01C1F50A72CC}.Debug|Any CPU.ActiveCfg = Debug|Any CPU
		{8050A42F-C104-4BC2-BADF-01C1F50A72CC}.Debug|Any CPU.Build.0 = Debug|Any CPU
		{8050A42F-C104-4BC2-BADF-01C1F50A72CC}.Debug|x64.ActiveCfg = Debug|Any CPU
		{8050A42F-C104-4BC2-BADF-01C1F50A72CC}.Debug|x64.Build.0 = Debug|Any CPU
		{8050A42F-C104-4BC2-BADF-01C1F50A72CC}.Debug|x86.ActiveCfg = Debug|Any CPU
		{8050A42F-C104-4BC2-BADF-01C1F50A72CC}.Debug|x86.Build.0 = Debug|Any CPU
		{8050A42F-C104-4BC2-BADF-01C1F50A72CC}.Release|Any CPU.ActiveCfg = Release|Any CPU
		{8050A42F-C104-4BC2-BADF-01C1F50A72CC}.Release|Any CPU.Build.0 = Release|Any CPU
		{8050A42F-C104-4BC2-BADF-01C1F50A72CC}.Release|x64.ActiveCfg = Release|Any CPU
		{8050A42F-C104-4BC2-BADF-01C1F50A72CC}.Release|x64.Build.0 = Release|Any CPU
		{8050A42F-C104-4BC2-BADF-01C1F50A72CC}.Release|x86.ActiveCfg = Release|Any CPU
		{8050A42F-C104-4BC2-BADF-01C1F50A72CC}.Release|x86.Build.0 = Release|Any CPU
		{61C8A167-A3D0-4D87-AB36-85331DC995FE}.Debug|Any CPU.ActiveCfg = Debug|Any CPU
		{61C8A167-A3D0-4D87-AB36-85331DC995FE}.Debug|Any CPU.Build.0 = Debug|Any CPU
		{61C8A167-A3D0-4D87-AB36-85331DC995FE}.Debug|x64.ActiveCfg = Debug|Any CPU
		{61C8A167-A3D0-4D87-AB36-85331DC995FE}.Debug|x64.Build.0 = Debug|Any CPU
		{61C8A167-A3D0-4D87-AB36-85331DC995FE}.Debug|x86.ActiveCfg = Debug|Any CPU
		{61C8A167-A3D0-4D87-AB36-85331DC995FE}.Debug|x86.Build.0 = Debug|Any CPU
		{61C8A167-A3D0-4D87-AB36-85331DC995FE}.Release|Any CPU.ActiveCfg = Release|Any CPU
		{61C8A167-A3D0-4D87-AB36-85331DC995FE}.Release|Any CPU.Build.0 = Release|Any CPU
		{61C8A167-A3D0-4D87-AB36-85331DC995FE}.Release|x64.ActiveCfg = Release|Any CPU
		{61C8A167-A3D0-4D87-AB36-85331DC995FE}.Release|x64.Build.0 = Release|Any CPU
		{61C8A167-A3D0-4D87-AB36-85331DC995FE}.Release|x86.ActiveCfg = Release|Any CPU
		{61C8A167-A3D0-4D87-AB36-85331DC995FE}.Release|x86.Build.0 = Release|Any CPU
		{C72EE54B-A03D-45E8-BA60-87996E12999C}.Debug|Any CPU.ActiveCfg = Debug|Any CPU
		{C72EE54B-A03D-45E8-BA60-87996E12999C}.Debug|Any CPU.Build.0 = Debug|Any CPU
		{C72EE54B-A03D-45E8-BA60-87996E12999C}.Debug|x64.ActiveCfg = Debug|Any CPU
		{C72EE54B-A03D-45E8-BA60-87996E12999C}.Debug|x64.Build.0 = Debug|Any CPU
		{C72EE54B-A03D-45E8-BA60-87996E12999C}.Debug|x86.ActiveCfg = Debug|Any CPU
		{C72EE54B-A03D-45E8-BA60-87996E12999C}.Debug|x86.Build.0 = Debug|Any CPU
		{C72EE54B-A03D-45E8-BA60-87996E12999C}.Release|Any CPU.ActiveCfg = Release|Any CPU
		{C72EE54B-A03D-45E8-BA60-87996E12999C}.Release|Any CPU.Build.0 = Release|Any CPU
		{C72EE54B-A03D-45E8-BA60-87996E12999C}.Release|x64.ActiveCfg = Release|Any CPU
		{C72EE54B-A03D-45E8-BA60-87996E12999C}.Release|x64.Build.0 = Release|Any CPU
		{C72EE54B-A03D-45E8-BA60-87996E12999C}.Release|x86.ActiveCfg = Release|Any CPU
		{C72EE54B-A03D-45E8-BA60-87996E12999C}.Release|x86.Build.0 = Release|Any CPU
	EndGlobalSection
	GlobalSection(SolutionProperties) = preSolution
		HideSolutionNode = FALSE
	EndGlobalSection
	GlobalSection(NestedProjects) = preSolution
		{DAE62912-BFD2-4365-85A1-F3A345F113DA} = {AA1C08D7-F649-0BE3-1787-AC803B20C40E}
		{231A2407-85BE-4739-A6A9-A03392C61D66} = {AA1C08D7-F649-0BE3-1787-AC803B20C40E}
		{D8EC479F-E17E-7153-CEA1-7FD92F8793D3} = {A29C6490-7E2E-AAF0-84AE-992AC1BD995C}
		{61C8A167-A3D0-4D87-AB36-85331DC995FE} = {D8EC479F-E17E-7153-CEA1-7FD92F8793D3}
		{60AB5031-0892-74AD-D836-D57D7448091D} = {A29C6490-7E2E-AAF0-84AE-992AC1BD995C}
		{C72EE54B-A03D-45E8-BA60-87996E12999C} = {60AB5031-0892-74AD-D836-D57D7448091D}
	EndGlobalSection
	GlobalSection(ExtensibilityGlobals) = postSolution
		SolutionGuid = {FE152334-53AB-4C0C-84EE-BC74AE09AED6}
	EndGlobalSection
EndGlobal
