
Microsoft Visual Studio Solution File, Format Version 12.00
Project("{FAE04EC0-301F-11D3-BF4B-00C04F79EFBC}") = "Session11", "Session11\Session11.csproj", "{A7A16909-2EB4-4DCF-AF70-BAA6A1F597AA}"
EndProject
Global
	GlobalSection(SolutionConfigurationPlatforms) = preSolution
		Debug|Any CPU = Debug|Any CPU
		Release|Any CPU = Release|Any CPU
	EndGlobalSection
	GlobalSection(ProjectConfigurationPlatforms) = postSolution
		{A7A16909-2EB4-4DCF-AF70-BAA6A1F597AA}.Debug|Any CPU.ActiveCfg = Debug|Any CPU
		{A7A16909-2EB4-4DCF-AF70-BAA6A1F597AA}.Debug|Any CPU.Build.0 = Debug|Any CPU
		{A7A16909-2EB4-4DCF-AF70-BAA6A1F597AA}.Release|Any CPU.ActiveCfg = Release|Any CPU
		{A7A16909-2EB4-4DCF-AF70-BAA6A1F597AA}.Release|Any CPU.Build.0 = Release|Any CPU
	EndGlobalSection
EndGlobal
